
Microsoft Visual Studio Solution File, Format Version 12.00
# Visual Studio Version 17
VisualStudioVersion = 17.7.34024.191
MinimumVisualStudioVersion = 10.0.40219.1
Project("{FAE04EC0-301F-11D3-BF4B-00C04F79EFBC}") = "AppFinanciamento", "AppFinanciamento\AppFinanciamento.csproj", "{225C0697-4D8E-47EF-83BD-841F49135091}"
EndProject
Global
	GlobalSection(SolutionConfigurationPlatforms) = preSolution
		Debug|Any CPU = Debug|Any CPU
		Release|Any CPU = Release|Any CPU
	EndGlobalSection
	GlobalSection(ProjectConfigurationPlatforms) = postSolution
		{225C0697-4D8E-47EF-83BD-841F49135091}.Debug|Any CPU.ActiveCfg = Debug|Any CPU
		{225C0697-4D8E-47EF-83BD-841F49135091}.Debug|Any CPU.Build.0 = Debug|Any CPU
		{225C0697-4D8E-47EF-83BD-841F49135091}.Release|Any CPU.ActiveCfg = Release|Any CPU
		{225C0697-4D8E-47EF-83BD-841F49135091}.Release|Any CPU.Build.0 = Release|Any CPU
	EndGlobalSection
	GlobalSection(SolutionProperties) = preSolution
		HideSolutionNode = FALSE
	EndGlobalSection
	GlobalSection(ExtensibilityGlobals) = postSolution
		SolutionGuid = {40F1220C-E0F3-4A7E-9739-BF3BD52C5A65}
	EndGlobalSection
EndGlobal
